<Solution>
  <Folder Name="/Solution Items/">
    <File Path=".env.example" />
    <File Path=".gitignore" />
    <File Path="docker-compose.prod.yml" />
    <File Path="docker-compose.yml" />
    <File Path="LICENSE" />
    <File Path="README.md" />
  </Folder>
  <Project Path="src\Cmsify.Admin\Cmsify.Admin.csproj" />
  <Project Path="src\Cmsify.Api\Cmsify.Api.csproj" />
  <Project Path="src\Cmsify.Core\Cmsify.Core.csproj" />
  <Project Path="src\Cmsify.Infrastructure\Cmsify.Infrastructure.csproj" />
  <Project Path="tests\Cmsify.Admin.Integration.Tests\Cmsify.Admin.Integration.Tests.csproj" />
  <Project Path="tests\Cmsify.Api.Integration.Tests\Cmsify.Api.Integration.Tests.csproj" />
  <Project Path="tests\Cmsify.Core.Tests\Cmsify.Core.Tests.csproj" />
  <Project Path="tests\Cmsify.Infrastructure.Tests\Cmsify.Infrastructure.Tests.csproj" />
</Solution>
