{
  "version": 2,
  "dependencies": {
    "net10.0": {
      "AspNetCore.SassCompiler": {
        "type": "Direct",
        "requested": "[1.102.0, )",
        "resolved": "1.102.0",
        "contentHash": "zmqa5nN5NqYBQlYWDhicimoEd4iGFW2o3UpN5bhbqwjjHBo5C/mGzsYwpeZreXcH/hOPqjqNwN8Q78xKOj82hw=="
      },
      "Microsoft.AspNetCore.App.Internal.Assets": {
        "type": "Direct",
        "requested": "[10.0.11, )",
        "resolved": "10.0.11",
        "contentHash": "tYYYBZsuF2DSz1I3hcfB8qC4nNekIKufkYZOJ2R28fNK3PkS7fJao/mIX5H84NH94UACZQ4dhvt8GDlkrJFwLg=="
      },
      "Microsoft.Web.LibraryManager.Build": {
        "type": "Direct",
        "requested": "[3.0.114, )",
        "resolved": "3.0.114",
        "contentHash": "9E7B1ixZR2to7ZTPZKIcTfQwGKuBu11F7tFykmi2X+icjTy6bJY9N/LLJ9tAW7PhaAmgM15o3t7P9aBg0kbUxw=="
      },
      "Serilog.AspNetCore": {
        "type": "Direct",
        "requested": "[10.0.0, )",
        "resolved": "10.0.0",
        "contentHash": "a/cNa1mY4On1oJlfGG1wAvxjp5g7OEzk/Jf/nm7NF9cWoE7KlZw1GldrifUBWm9oKibHkR7Lg/l5jy3y7ACR8w==",
        "dependencies": {
          "Serilog": "4.3.0",
          "Serilog.Extensions.Hosting": "10.0.0",
          "Serilog.Formatting.Compact": "3.0.0",
          "Serilog.Settings.Configuration": "10.0.0",
          "Serilog.Sinks.Console": "6.1.1",
          "Serilog.Sinks.Debug": "3.0.0",
          "Serilog.Sinks.File": "7.0.0"
        }
      },
      "Serilog.Sinks.Console": {
        "type": "Direct",
        "requested": "[6.1.1, )",
        "resolved": "6.1.1",
        "contentHash": "8jbqgjUyZlfCuSTaJk6lOca465OndqOz3KZP6Cryt/IqZYybyBu7GP0fE/AXBzrrQB3EBmQntBFAvMVz1COvAA==",
        "dependencies": {
          "Serilog": "4.0.0"
        }
      },
      "Serilog.Sinks.File": {
        "type": "Direct",
        "requested": "[7.0.0, )",
        "resolved": "7.0.0",
        "contentHash": "fKL7mXv7qaiNBUC71ssvn/dU0k9t0o45+qm2XgKAlSt19xF+ijjxyA3R6HmCgfKEKwfcfkwWjayuQtRueZFkYw==",
        "dependencies": {
          "Serilog": "4.2.0"
        }
      },
      "SyntaxCircus.AspNetCore.Common": {
        "type": "Direct",
        "requested": "[0.1.9, )",
        "resolved": "0.1.9",
        "contentHash": "AcZ5eIAjoYTFbF6ZnNNOOxp59blTNI+qpr1d0ib5ye+Vx4JTWF0c+9OYnneOM+/7LfSA96Sg6UFDqfbwhc/nWw=="
      },
      "SyntaxCircus.AspNetCore.Serilog": {
        "type": "Direct",
        "requested": "[0.1.3, )",
        "resolved": "0.1.3",
        "contentHash": "n92ymEkUxbEeJXXg8iT6MIN9UZLM27008zSxxZHJHkL3yywMETUk6T4LZq3kHmHQDX+tAodwfGXLYmHJavu8dA==",
        "dependencies": {
          "Serilog.AspNetCore": "10.0.0",
          "Serilog.Sinks.Console": "6.1.1",
          "Serilog.Sinks.File": "7.0.0"
        }
      },
      "SyntaxCircus.Blazor.Auth": {
        "type": "Direct",
        "requested": "[0.1.6, )",
        "resolved": "0.1.6",
        "contentHash": "OG0o/3BEh50WA4/91gToLF0w7eEw6RUSHWtsua4WX8EQOQNtHogLMWrFhZLpCMX6p6XyZJfd9iIbcvzmv2JPnQ==",
        "dependencies": {
          "Microsoft.AspNetCore.Authentication.OpenIdConnect": "10.0.11",
          "Microsoft.AspNetCore.DataProtection.StackExchangeRedis": "10.0.11",
          "Microsoft.Extensions.Caching.StackExchangeRedis": "10.0.11"
        }
      },
      "SyntaxCircus.Blazor.Components": {
        "type": "Direct",
        "requested": "[0.1.1, )",
        "resolved": "0.1.1",
        "contentHash": "mqME7hKcYXbiS51XIc47x3HzuLoy4oGy4PJtOAH8Wk+Qy44W5T5CacbmIGXin/iT9jsnAjDMcdUsbWtAsMj6lQ=="
      },
      "SyntaxCircus.DotEnv": {
        "type": "Direct",
        "requested": "[0.1.2, )",
        "resolved": "0.1.2",
        "contentHash": "0AfAYR/a0i3n822GGF+8779SLUq6jdrW6IfaaZOMvFEuNxtbLBJZxWf6J3ksG2qqV0H1+8nRsSCwxTp7oeBiPA==",
        "dependencies": {
          "DotNetEnv": "3.1.1"
        }
      },
      "SyntaxCircus.Observability": {
        "type": "Direct",
        "requested": "[0.1.1, )",
        "resolved": "0.1.1",
        "contentHash": "Pzcrqdx/Uj1fcfLIkDfKZ5LPZPk8Eu6V1xzk77Guge/oIkqvBuJPT6qDSMHbFnl9Y9gBYF/lWKpAHZw+fwFSZg==",
        "dependencies": {
          "OpenTelemetry.Exporter.OpenTelemetryProtocol": "1.17.0",
          "OpenTelemetry.Extensions.Hosting": "1.17.0",
          "OpenTelemetry.Instrumentation.AspNetCore": "1.17.0",
          "OpenTelemetry.Instrumentation.Http": "1.17.0",
          "OpenTelemetry.Instrumentation.Runtime": "1.17.0",
          "Sentry.AspNetCore": "6.7.0",
          "Serilog.Sinks.OpenTelemetry": "4.2.0",
          "SyntaxCircus.AspNetCore.Common": "0.1.9"
        }
      },
      "DotNetEnv": {
        "type": "Transitive",
        "resolved": "3.1.1",
        "contentHash": "o4SqUVCq0pqHF/HYsZk6k22XGIVmvsDVo+Dy7l0ubq9uQ45JkXswrMRJmYvhGLXWFYF0M5OupMonytB+0zvpGQ==",
        "dependencies": {
          "NETStandard.Library": "1.6.1",
          "Sprache": "2.3.1"
        }
      },
      "Google.Protobuf": {
        "type": "Transitive",
        "resolved": "3.30.1",
        "contentHash": "HeWXDQBabQn/sCGicbeLJ0HMunknfC4FdLrOQOsaMJHcpqx3HVIpyyJqTrqJlWnza870twhOb+rBcaTiC/TlNA=="
      },
      "Grpc.Core.Api": {
        "type": "Transitive",
        "resolved": "2.70.0",
        "contentHash": "66UotvWcSIq41oiQhLWcQACyKPM4umxXNiht5DQTLZJfNwEswWOcS7Z0xIEHyNIBE7ZpjotH22bEjTkvhPxmVw=="
      },
      "Grpc.Net.Client": {
        "type": "Transitive",
        "resolved": "2.70.0",
        "contentHash": "xNv0FFCVJa5S1beUtye82WFCxKThuE1jbN8DO1x1Rj8VSIWXLBUmfSID5a1fGzsU2R/EMfwPoWclJ2RMfQuGXw==",
        "dependencies": {
          "Grpc.Net.Common": "2.70.0"
        }
      },
      "Grpc.Net.Common": {
        "type": "Transitive",
        "resolved": "2.70.0",
        "contentHash": "rBdEUMyCwa+iB8mqC6JKyPbj3SBHHkReJj/yy/XKJI63GcG6w9DJMMGTVcYHqq4Ci2W4m0HT4jt2pFfFscar8g==",
        "dependencies": {
          "Grpc.Core.Api": "2.70.0"
        }
      },
      "Microsoft.AspNetCore.Authentication.OpenIdConnect": {
        "type": "Transitive",
        "resolved": "10.0.11",
        "contentHash": "LM2J/cxqAB6W1sZ0Lo8sf0AYcnYQWEDTyRQTIxGt/cZ7C24VKugbvux2iswkyAbPC8M4HP7NEqC2cWbvyTWVnQ==",
        "dependencies": {
          "Microsoft.IdentityModel.Protocols.OpenIdConnect": "8.19.2"
        }
      },
      "Microsoft.AspNetCore.DataProtection.StackExchangeRedis": {
        "type": "Transitive",
        "resolved": "10.0.11",
        "contentHash": "lUeo4YZaLNv0939lSwHuy4L9HSRV6m0J5Zt+SAiZjvo1ors/uK4Mr199zJe8/rHdsdfkT3bmRh+f8YMlXiJEmg==",
        "dependencies": {
          "StackExchange.Redis": "2.7.27"
        }
      },
      "Microsoft.Bcl.Cryptography": {
        "type": "Transitive",
        "resolved": "10.0.2",
        "contentHash": "LG9Yll3B5aNpxv0+D47g6LiOiKBIlodhcHdQwcYzo8VeexFLGqx5ymetmA2aBRyo9cCcWsQWrFsdbsr8LvmWDw=="
      },
      "Microsoft.Extensions.AmbientMetadata.Application": {
        "type": "Transitive",
        "resolved": "9.9.0",
        "contentHash": "sCc7X0rXDdWIXdRq/s8Yd3YoMz2r0wNyRGQ5HdYu1TfvpGryH/3lH1pizS1WsL8gYrAD3nT0GIbsyz6c5dM/wQ=="
      },
      "Microsoft.Extensions.Caching.StackExchangeRedis": {
        "type": "Transitive",
        "resolved": "10.0.11",
        "contentHash": "0SCQuU1m+BcLMjyh6q1X9j0hongN9EZx9KhgDyPgHxVa5RJ5xuHBkvcgnX95KSa5bQlkYupeQFu8IAI3NgPIUQ==",
        "dependencies": {
          "StackExchange.Redis": "2.7.27"
        }
      },
      "Microsoft.Extensions.Compliance.Abstractions": {
        "type": "Transitive",
        "resolved": "9.9.0",
        "contentHash": "9/bU4vuy7xu81BeiHazP0kmtOb3vAKSGdN+9s84/HfwVDvxAZOfPxDK7uPl6jEfiFdZvpHNF/YxWQqaISvYEUQ=="
      },
      "Microsoft.Extensions.DependencyInjection.AutoActivation": {
        "type": "Transitive",
        "resolved": "9.9.0",
        "contentHash": "DrDJ7+dWB0LeR6b83wj9WNhr45O67Q+wTxFaVE9BHpAFGc66Xz/K3A5wp5fA/060vLGGDgkftBpbS307BizSFw=="
      },
      "Microsoft.Extensions.DependencyModel": {
        "type": "Transitive",
        "resolved": "10.0.0",
        "contentHash": "RFYJR7APio/BiqdQunRq6DB+nDB6nc2qhHr77mlvZ0q0BT8PubMXN7XicmfzCbrDE/dzhBnUKBRXLTcqUiZDGg=="
      },
      "Microsoft.Extensions.Diagnostics.ExceptionSummarization": {
        "type": "Transitive",
        "resolved": "9.9.0",
        "contentHash": "LVb1ziRqI8x8TNCJW+zRGx1xPTPFWbhJzEk8k+rFx03M8zrQt5T+3MMV/fWTeHc3/7uoJDRDRklRMUlAqQw99w=="
      },
      "Microsoft.Extensions.Http.Diagnostics": {
        "type": "Transitive",
        "resolved": "9.9.0",
        "contentHash": "bdO0rzxXHsmp0+k1chjBKwxhdxkHetBfVe2LhFkoxSirErvvTmnD/ZeHqdNOeMEouJmaoGJFep70NFRK8/NDlA==",
        "dependencies": {
          "Microsoft.Extensions.Telemetry": "9.9.0"
        }
      },
      "Microsoft.Extensions.Http.Resilience": {
        "type": "Transitive",
        "resolved": "9.9.0",
        "contentHash": "dZ5Y34CsrPNBn4GMLq/PJeIV903R98K3Z3a2sECEeJv3kW4HlgwDZoZWsbG4ymBdGdQJoXS+Qp8sdLm3ptFdDg==",
        "dependencies": {
          "Microsoft.Extensions.Http.Diagnostics": "9.9.0",
          "Microsoft.Extensions.Resilience": "9.9.0"
        }
      },
      "Microsoft.Extensions.Resilience": {
        "type": "Transitive",
        "resolved": "9.9.0",
        "contentHash": "MZNGlO++Z64MsIzb2d875uFx0fivsJb+gMjSacVQTpINJm0sxzOK2CfjnH4gDbndAZ9pCU2rZtsxqMa45YkM6A==",
        "dependencies": {
          "Microsoft.Extensions.Diagnostics.ExceptionSummarization": "9.9.0",
          "Microsoft.Extensions.Telemetry.Abstractions": "9.9.0",
          "Polly.Extensions": "8.4.2",
          "Polly.RateLimiting": "8.4.2"
        }
      },
      "Microsoft.Extensions.Telemetry": {
        "type": "Transitive",
        "resolved": "9.9.0",
        "contentHash": "gwTzxU0+W0Beqp0jivDajsjVtLZTxM5werm4kggyTqmP5dlfapo/0DoK0yG3/gNyiFWCcJmEGhmqrSL9gNFtGw==",
        "dependencies": {
          "Microsoft.Extensions.AmbientMetadata.Application": "9.9.0",
          "Microsoft.Extensions.DependencyInjection.AutoActivation": "9.9.0",
          "Microsoft.Extensions.Telemetry.Abstractions": "9.9.0"
        }
      },
      "Microsoft.Extensions.Telemetry.Abstractions": {
        "type": "Transitive",
        "resolved": "9.9.0",
        "contentHash": "EmnlvikFKeWRJLvdoysRWOnYggD+aQpwpXjfDAZLpbuiPYsNhXzMRs6b+/R0QiQ5gV8r6JAGZyexMum8ZUDtWA==",
        "dependencies": {
          "Microsoft.Extensions.Compliance.Abstractions": "9.9.0"
        }
      },
      "Microsoft.IdentityModel.Abstractions": {
        "type": "Transitive",
        "resolved": "8.19.2",
        "contentHash": "HJbo/lnSfNHUfphPRT910poQc4T2/9+8svFLvzuaYHGAOJ2Tu+oEDqpX0BVP3BJ4OuUM1kylEKyaiX2fCAK3Cw=="
      },
      "Microsoft.IdentityModel.JsonWebTokens": {
        "type": "Transitive",
        "resolved": "8.19.2",
        "contentHash": "ui3fuBT4fs8kdKfBthI4NzLYIBIneEVS8UrL1JVBzAn80UiKmngBBi0BEByE7n/9c+EElcfFlCMFFTqpkBSLNA==",
        "dependencies": {
          "Microsoft.IdentityModel.Tokens": "8.19.2"
        }
      },
      "Microsoft.IdentityModel.Logging": {
        "type": "Transitive",
        "resolved": "8.19.2",
        "contentHash": "r5YLDIxGOnkVJHrqXv/iD1FM1CgGrQOdriXuvuWvTPmKbnGANhEysq9XKmN6IHjf2a+9bAGEpnoRBsAQlvJU5w==",
        "dependencies": {
          "Microsoft.IdentityModel.Abstractions": "8.19.2"
        }
      },
      "Microsoft.IdentityModel.Protocols": {
        "type": "Transitive",
        "resolved": "8.19.2",
        "contentHash": "sGxSsSrZXNmca6D+jHH2rVRyo2nNRd/g4H9CFbPmLLq0xgoH1U0orLWE5minfijw7+zq49tBs7txenbfAErRoQ==",
        "dependencies": {
          "Microsoft.IdentityModel.Tokens": "8.19.2"
        }
      },
      "Microsoft.IdentityModel.Protocols.OpenIdConnect": {
        "type": "Transitive",
        "resolved": "8.19.2",
        "contentHash": "1XOcyY36cVymzE3qKdzKaUEZ4Pzt7ZpSa14JZoPPK1NLFUkQDs85TCqpV6XDo0YjFXj6nVK00AfOHppjghjhtw==",
        "dependencies": {
          "Microsoft.IdentityModel.Protocols": "8.19.2",
          "System.IdentityModel.Tokens.Jwt": "8.19.2"
        }
      },
      "Microsoft.IdentityModel.Tokens": {
        "type": "Transitive",
        "resolved": "8.19.2",
        "contentHash": "GtPC1S02uH1gOO4fQ+zRysIicKmEXaYFP8PIkdJYXqMyruYhopre4ozVHp0XiDSA0+GJvOZH9prxCPvgBMg4Ww==",
        "dependencies": {
          "Microsoft.Bcl.Cryptography": "10.0.2",
          "Microsoft.IdentityModel.Logging": "8.19.2"
        }
      },
      "Microsoft.NETCore.Platforms": {
        "type": "Transitive",
        "resolved": "1.1.0",
        "contentHash": "kz0PEW2lhqygehI/d6XsPCQzD7ff7gUJaVGPVETX611eadGsA3A877GdSlU0LRVMCTH/+P3o2iDTak+S08V2+A=="
      },
      "NETStandard.Library": {
        "type": "Transitive",
        "resolved": "1.6.1",
        "contentHash": "WcSp3+vP+yHNgS8EV5J7pZ9IRpeDuARBPN28by8zqff1wJQXm26PVU8L3/fYLBJVU7BtDyqNVWq2KlCVvSSR4A==",
        "dependencies": {
          "Microsoft.NETCore.Platforms": "1.1.0"
        }
      },
      "OpenTelemetry": {
        "type": "Transitive",
        "resolved": "1.17.0",
        "contentHash": "rMLOTftlMlTm7+MSrvXDHnJRjVkROFNKXHZrYjOsX+LankaFG7QSflx7qRRGjoqZoirohnxmJQ7GEb9occO4Gg==",
        "dependencies": {
          "OpenTelemetry.Api.ProviderBuilderExtensions": "1.17.0"
        }
      },
      "OpenTelemetry.Api": {
        "type": "Transitive",
        "resolved": "1.17.0",
        "contentHash": "mSBxzomZgHIJu9CyVNqyDu/n2JHEtqVgfcCD1Br0cV5iLYogjZOMqhlVLt99PEp+0KGBNUR3GXgeOdN2GR3F9g=="
      },
      "OpenTelemetry.Api.ProviderBuilderExtensions": {
        "type": "Transitive",
        "resolved": "1.17.0",
        "contentHash": "Xgc3Qf9B9TFMFpx6exTdGqMWuYIT2miNzkdMPutVvT9YuMFaEovXWke1Gb6z8NxYaQbbGF38vYLuSg1JCeui5Q==",
        "dependencies": {
          "OpenTelemetry.Api": "1.17.0"
        }
      },
      "OpenTelemetry.Exporter.OpenTelemetryProtocol": {
        "type": "Transitive",
        "resolved": "1.17.0",
        "contentHash": "R1omQOrQpGlS0Cp5UIr/TAiuEA48JrPlgr1NPV5gESiTU7HhWU+ILe2EBSYb1fKdsSavZ7nZkHcUxAzofPqr2A==",
        "dependencies": {
          "OpenTelemetry": "1.17.0"
        }
      },
      "OpenTelemetry.Extensions.Hosting": {
        "type": "Transitive",
        "resolved": "1.17.0",
        "contentHash": "t1OwL/4qgboGMobYVT+UV5zgWnFqCp4Pw8lcsmzh8m2K8PQsTKkyxrC32tqYTMYny3GOW4q5cltE3dTVzLmRew==",
        "dependencies": {
          "OpenTelemetry": "1.17.0"
        }
      },
      "OpenTelemetry.Instrumentation.AspNetCore": {
        "type": "Transitive",
        "resolved": "1.17.0",
        "contentHash": "rGbmk1vuy1kvgZmE0ps7Vb99YZvDap6AalrrF60FwnNit1uW/PbeFZj1cpb0T8MPkYmjhBrRJ1/JB6QqXkRjHA==",
        "dependencies": {
          "OpenTelemetry.Api.ProviderBuilderExtensions": "[1.17.0, 2.0.0)"
        }
      },
      "OpenTelemetry.Instrumentation.Http": {
        "type": "Transitive",
        "resolved": "1.17.0",
        "contentHash": "uTwVtxIJ/xB96wGYTaDsbkJVeCFdUxTwvrlDUn2YJixy0UuKc8DvQMzwKNJMTzNFiiyYO9c40id6tUHTmWs33A==",
        "dependencies": {
          "OpenTelemetry.Api.ProviderBuilderExtensions": "[1.17.0, 2.0.0)"
        }
      },
      "OpenTelemetry.Instrumentation.Runtime": {
        "type": "Transitive",
        "resolved": "1.17.0",
        "contentHash": "HyYenisDn/xdtyVXdjImsCl+RNC2gq01N0rvSR7tsYAylXR2sxX/YgMsyTajMXA27+r1vB7lNU8cWRhV0fwL+Q==",
        "dependencies": {
          "OpenTelemetry.Api": "[1.17.0, 2.0.0)"
        }
      },
      "Pipelines.Sockets.Unofficial": {
        "type": "Transitive",
        "resolved": "2.2.8",
        "contentHash": "zG2FApP5zxSx6OcdJQLbZDk2AVlN2BNQD6MorwIfV6gVj0RRxWPEp2LXAxqDGZqeNV1Zp0BNPcNaey/GXmTdvQ=="
      },
      "Polly.Core": {
        "type": "Transitive",
        "resolved": "8.4.2",
        "contentHash": "BpE2I6HBYYA5tF0Vn4eoQOGYTYIK1BlF5EXVgkWGn3mqUUjbXAr13J6fZVbp7Q3epRR8yshacBMlsHMhpOiV3g=="
      },
      "Polly.Extensions": {
        "type": "Transitive",
        "resolved": "8.4.2",
        "contentHash": "GZ9vRVmR0jV2JtZavt+pGUsQ1O1cuRKG7R7VOZI6ZDy9y6RNPvRvXK1tuS4ffUrv8L0FTea59oEuQzgS0R7zSA==",
        "dependencies": {
          "Polly.Core": "8.4.2"
        }
      },
      "Polly.RateLimiting": {
        "type": "Transitive",
        "resolved": "8.4.2",
        "contentHash": "ehTImQ/eUyO07VYW2WvwSmU9rRH200SKJ/3jku9rOkyWE0A2JxNFmAVms8dSn49QLSjmjFRRSgfNyOgr/2PSmA==",
        "dependencies": {
          "Polly.Core": "8.4.2"
        }
      },
      "Sentry": {
        "type": "Transitive",
        "resolved": "6.7.0",
        "contentHash": "fE8rXrzo1xZrKYtvSxDcww7ZLJbB4t+pZK748zrS5ctFo4L0sNNEkRDkJ6smSGwe0kpDRBQn4bQHPrvUOmzUaA=="
      },
      "Sentry.AspNetCore": {
        "type": "Transitive",
        "resolved": "6.7.0",
        "contentHash": "UMOA1gqotTxN+PscTjw5Ez0VZHFhDX3DhgLYqlXPzeug9NcaFTMUDbM4npXlT1YFk2WhGOXSmpozTMWElUIcrg==",
        "dependencies": {
          "Sentry.Extensions.Logging": "6.7.0"
        }
      },
      "Sentry.Extensions.Logging": {
        "type": "Transitive",
        "resolved": "6.7.0",
        "contentHash": "DO2PSOsd5BeXwdBV8mGr6GomNiFX5t7Si9MapjHfEspbVZyObjdoUKNdPg8EmCrVwiGN92eSBiDNOzGKeUiv2Q==",
        "dependencies": {
          "Sentry": "6.7.0"
        }
      },
      "Serilog": {
        "type": "Transitive",
        "resolved": "4.3.0",
        "contentHash": "+cDryFR0GRhsGOnZSKwaDzRRl4MupvJ42FhCE4zhQRVanX0Jpg6WuCBk59OVhVDPmab1bB+nRykAnykYELA9qQ=="
      },
      "Serilog.Extensions.Hosting": {
        "type": "Transitive",
        "resolved": "10.0.0",
        "contentHash": "E7juuIc+gzoGxgzFooFgAV8g9BfiSXNKsUok9NmEpyAXg2odkcPsMa/Yo4axkJRlh0se7mkYQ1GXDaBemR+b6w==",
        "dependencies": {
          "Serilog": "4.3.0",
          "Serilog.Extensions.Logging": "10.0.0"
        }
      },
      "Serilog.Extensions.Logging": {
        "type": "Transitive",
        "resolved": "10.0.0",
        "contentHash": "vx0kABKl2dWbBhhqAfTOk53/i8aV/5VaT3a6il9gn72Wqs2pM7EK2OB6No6xdqK2IaY6Zf9gdjLuK9BVa2rT+Q==",
        "dependencies": {
          "Serilog": "4.2.0"
        }
      },
      "Serilog.Formatting.Compact": {
        "type": "Transitive",
        "resolved": "3.0.0",
        "contentHash": "wQsv14w9cqlfB5FX2MZpNsTawckN4a8dryuNGbebB/3Nh1pXnROHZov3swtu3Nj5oNG7Ba+xdu7Et/ulAUPanQ==",
        "dependencies": {
          "Serilog": "4.0.0"
        }
      },
      "Serilog.Settings.Configuration": {
        "type": "Transitive",
        "resolved": "10.0.0",
        "contentHash": "LNq+ibS1sbhTqPV1FIE69/9AJJbfaOhnaqkzcjFy95o+4U+STsta9mi97f1smgXsWYKICDeGUf8xUGzd/52/uA==",
        "dependencies": {
          "Microsoft.Extensions.DependencyModel": "10.0.0",
          "Serilog": "4.3.0"
        }
      },
      "Serilog.Sinks.Debug": {
        "type": "Transitive",
        "resolved": "3.0.0",
        "contentHash": "4BzXcdrgRX7wde9PmHuYd9U6YqycCC28hhpKonK7hx0wb19eiuRj16fPcPSVp0o/Y1ipJuNLYQ00R3q2Zs8FDA==",
        "dependencies": {
          "Serilog": "4.0.0"
        }
      },
      "Serilog.Sinks.OpenTelemetry": {
        "type": "Transitive",
        "resolved": "4.2.0",
        "contentHash": "PzMCyE5G19tjr5IZEi5qg+4UU5QrxBEoBEMu/hhYybTrGKXqUDiSGWKZNUDBgelaVKqLADlsmlJVyKce5SyPrg==",
        "dependencies": {
          "Google.Protobuf": "3.30.1",
          "Grpc.Net.Client": "2.70.0",
          "Serilog": "4.2.0"
        }
      },
      "Sprache": {
        "type": "Transitive",
        "resolved": "2.3.1",
        "contentHash": "Q+mXeiTxiUYG3lKYF6TS82/SyB4F2613Q1yXTMwg4jWGHEEVC3yrzHtNcI4B3qnDI0+eJsezGJ0V+cToUytHWw=="
      },
      "System.IdentityModel.Tokens.Jwt": {
        "type": "Transitive",
        "resolved": "8.19.2",
        "contentHash": "gqhDC/icByKEutygpr+OFgAmjwTVowyzFjWB8K0q1ww8uFj5a1BQNL+QvijUl9uhq4p8OdDwcAIrjVC+eC9FVA==",
        "dependencies": {
          "Microsoft.IdentityModel.JsonWebTokens": "8.19.2",
          "Microsoft.IdentityModel.Tokens": "8.19.2"
        }
      },
      "cmsify.core": {
        "type": "Project",
        "dependencies": {
          "FluentValidation": "[12.1.1, )"
        }
      },
      "syntaxcircus.cmsify.client": {
        "type": "Project",
        "dependencies": {
          "SyntaxCircus.Cmsify.Contracts": "[0.0.0-local, )",
          "SyntaxCircus.Http.Resilience": "[0.2.0-cmsify.1, )"
        }
      },
      "SyntaxCircus.Cmsify.Contracts": {
        "type": "Project"
      },
      "FluentValidation": {
        "type": "CentralTransitive",
        "requested": "[12.1.1, )",
        "resolved": "12.1.1",
        "contentHash": "EPpkIe1yh1a0OXyC100oOA8WMbZvqUu5plwhvYcb7oSELfyUZzfxV48BLhvs3kKo4NwG7MGLNgy1RJiYtT8Dpw=="
      },
      "StackExchange.Redis": {
        "type": "CentralTransitive",
        "requested": "[2.7.27, )",
        "resolved": "2.7.27",
        "contentHash": "Uqc2OQHglqj9/FfGQ6RkKFkZfHySfZlfmbCl+hc+u2I/IqunfelQ7QJi7ZhvAJxUtu80pildVX6NPLdDaUffOw==",
        "dependencies": {
          "Pipelines.Sockets.Unofficial": "2.2.8"
        }
      },
      "SyntaxCircus.Http.Resilience": {
        "type": "CentralTransitive",
        "requested": "[0.2.0-cmsify.1, )",
        "resolved": "0.2.0-cmsify.1",
        "contentHash": "/wzJoTLh3ebeAzOdaT0yUXXznF4C/26eWS6js5dDzzgDKsxNpeOL+s0ZJTwaxZYj6wG5cr9I4rUYOzpXOWoW+w==",
        "dependencies": {
          "Microsoft.Extensions.Http.Resilience": "9.9.0"
        }
      }
    }
  }
}